{
  "name": "wptheme",
  "version": "1.0.0",
  "lockfileVersion": 1,
  "requires": true,
  "dependencies": {
    "animate.css": {
      "version": "3.7.2",
      "resolved": "https://registry.npmjs.org/animate.css/-/animate.css-3.7.2.tgz",
      "integrity": "sha512-0bE8zYo7C0KvgOYrSVfrzkbYk6IOTVPNqkiHg2cbyF4Pq/PXzilz4BRWA3hwEUBoMp5VBgrC29lQIZyhRWdBTw=="
    },
    "animejs": {
      "version": "3.1.0",
      "resolved": "https://registry.npmjs.org/animejs/-/animejs-3.1.0.tgz",
      "integrity": "sha512-BjnCroPPQPEAngT0M89pz9TBcOGgOFLnVoq3+jV2upl4rn60k57/AXvESTnuILsNgOEjGuhMEOMp7IlQzk40kA=="
    },
    "bootstrap": {
      "version": "4.3.1",
      "resolved": "https://registry.npmjs.org/bootstrap/-/bootstrap-4.3.1.tgz",
      "integrity": "sha512-rXqOmH1VilAt2DyPzluTi2blhk17bO7ef+zLLPlWvG494pDxcM234pJ8wTc/6R40UWizAIIMgxjvxZg5kmsbag=="
    },
    "font-awesome": {
      "version": "4.7.0",
      "resolved": "https://registry.npmjs.org/font-awesome/-/font-awesome-4.7.0.tgz",
      "integrity": "sha1-j6jPBBGhoxr9B7BtKQK7n8gVoTM="
    },
    "jquery": {
      "version": "3.4.1",
      "resolved": "https://registry.npmjs.org/jquery/-/jquery-3.4.1.tgz",
      "integrity": "sha512-36+AdBzCL+y6qjw5Tx7HgzeGCzC81MDDgaUP8ld2zhx58HdqXGoBd+tHdrBMiyjGQs0Hxs/MLZTu/eHNJJuWPw=="
    },
    "letteringjs": {
      "version": "0.7.0",
      "resolved": "https://registry.npmjs.org/letteringjs/-/letteringjs-0.7.0.tgz",
      "integrity": "sha1-qfAu2CZbRKeMBHjsWwGb8IhPtYI=",
      "requires": {
        "jquery": ">= 1.6.2"
      }
    },
    "textillate": {
      "version": "0.4.1",
      "resolved": "https://registry.npmjs.org/textillate/-/textillate-0.4.1.tgz",
      "integrity": "sha1-VD50YcpYzkU1Rr5miyf3nFAvtQE=",
      "requires": {
        "animate.css": ">= 3.0.0",
        "jquery": ">= 1.6.2",
        "letteringjs": ">= 0.6.1"
      }
    }
  }
}
